{
  "name": "pages",
  "lockfileVersion": 3,
  "requires": true,
  "packages": {
    "": {
      "dependencies": {
        "bootstrap": "^5.3.0",
        "bootstrap-icons": "^1.10.5"
      },
      "devDependencies": {
        "@types/jquery": "^3.5.16"
      }
    },
    "node_modules/@popperjs/core": {
      "version": "2.11.8",
      "resolved": "https://registry.npmjs.org/@popperjs/core/-/core-2.11.8.tgz",
      "integrity": "sha512-P1st0aksCrn9sGZhp8GMYwBnQsbvAWsZAX44oXNNvLHGqAOcoVxmjZiohstwQ7SqKnbR47akdNi+uleWD8+g6A==",
      "peer": true,
      "funding": {
        "type": "opencollective",
        "url": "https://opencollective.com/popperjs"
      }
    },
    "node_modules/@types/jquery": {
      "version": "3.5.19",
      "resolved": "https://registry.npmjs.org/@types/jquery/-/jquery-3.5.19.tgz",
      "integrity": "sha512-KFbmk+dXfphHGuVCmlopgcNRCegN/21mkeoD4BzuJhVH0SJW3Uo2mLuAwb6oqTNV79EsRp6J7yC1BbKymjpx/g==",
      "dev": true,
      "dependencies": {
        "@types/sizzle": "*"
      }
    },
    "node_modules/@types/sizzle": {
      "version": "2.3.3",
      "resolved": "https://registry.npmjs.org/@types/sizzle/-/sizzle-2.3.3.tgz",
      "integrity": "sha512-JYM8x9EGF163bEyhdJBpR2QX1R5naCJHC8ucJylJ3w9/CVBaskdQ8WqBf8MmQrd1kRvp/a4TS8HJ+bxzR7ZJYQ==",
      "dev": true
    },
    "node_modules/bootstrap": {
      "version": "5.3.2",
      "resolved": "https://registry.npmjs.org/bootstrap/-/bootstrap-5.3.2.tgz",
      "integrity": "sha512-D32nmNWiQHo94BKHLmOrdjlL05q1c8oxbtBphQFb9Z5to6eGRDCm0QgeaZ4zFBHzfg2++rqa2JkqCcxDy0sH0g==",
      "funding": [
        {
          "type": "github",
          "url": "https://github.com/sponsors/twbs"
        },
        {
          "type": "opencollective",
          "url": "https://opencollective.com/bootstrap"
        }
      ],
      "peerDependencies": {
        "@popperjs/core": "^2.11.8"
      }
    },
    "node_modules/bootstrap-icons": {
      "version": "1.11.1",
      "resolved": "https://registry.npmjs.org/bootstrap-icons/-/bootstrap-icons-1.11.1.tgz",
      "integrity": "sha512-F0DDp7nKUX+x/QtpfRZ+XHFya60ng9nfdpdS59vDDfs4Uhuxp7zym/QavMsu/xx51txkoM9eVmpE7D08N35blw==",
      "funding": [
        {
          "type": "github",
          "url": "https://github.com/sponsors/twbs"
        },
        {
          "type": "opencollective",
          "url": "https://opencollective.com/bootstrap"
        }
      ]
    }
  }
}
